// !$*UTF8*$!
{
	archiveVersion = 1;
	classes = {
	};
	objectVersion = 77;
	objects = {

/* Begin PBXBuildFile section */
		4C82CB512D62372200C0893B /* HTTPTypes in Frameworks */ = {isa = PBXBuildFile; productRef = 4C82CB502D62372200C0893B /* HTTPTypes */; };
		4C82CB532D62372200C0893B /* HTTPTypesFoundation in Frameworks */ = {isa = PBXBuildFile; productRef = 4C82CB522D62372200C0893B /* HTTPTypesFoundation */; };
		4C82CB892D624E8700C0893B /* UploadAndCopy.appex in Embed Foundation Extensions */ = {isa = PBXBuildFile; fileRef = 4C82CB7F2D624E8700C0893B /* UploadAndCopy.appex */; settings = {ATTRIBUTES = (RemoveHeadersOnCopy, ); }; };
		4CA2E48A2D6D49D6006EF3F0 /* HTTPTypes in Frameworks */ = {isa = PBXBuildFile; productRef = 4CA2E4892D6D49D6006EF3F0 /* HTTPTypes */; };
		4CA2E48C2D6D49D6006EF3F0 /* HTTPTypesFoundation in Frameworks */ = {isa = PBXBuildFile; productRef = 4CA2E48B2D6D49D6006EF3F0 /* HTTPTypesFoundation */; };
/* End PBXBuildFile section */

/* Begin PBXContainerItemProxy section */
		4C5E21012D603C3B009EE83A /* PBXContainerItemProxy */ = {
			isa = PBXContainerItemProxy;
			containerPortal = 4C5E20E42D603C3B009EE83A /* Project object */;
			proxyType = 1;
			remoteGlobalIDString = 4C5E20EB2D603C3B009EE83A;
			remoteInfo = "Django Files";
		};
		4C5E210B2D603C3B009EE83A /* PBXContainerItemProxy */ = {
			isa = PBXContainerItemProxy;
			containerPortal = 4C5E20E42D603C3B009EE83A /* Project object */;
			proxyType = 1;
			remoteGlobalIDString = 4C5E20EB2D603C3B009EE83A;
			remoteInfo = "Django Files";
		};
		4C82CB872D624E8700C0893B /* PBXContainerItemProxy */ = {
			isa = PBXContainerItemProxy;
			containerPortal = 4C5E20E42D603C3B009EE83A /* Project object */;
			proxyType = 1;
			remoteGlobalIDString = 4C82CB7E2D624E8700C0893B;
			remoteInfo = UploadAndCopy;
		};
/* End PBXContainerItemProxy section */

/* Begin PBXCopyFilesBuildPhase section */
		4C82CB672D624E2A00C0893B /* Embed Foundation Extensions */ = {
			isa = PBXCopyFilesBuildPhase;
			buildActionMask = 2147483647;
			dstPath = "";
			dstSubfolderSpec = 13;
			files = (
				4C82CB892D624E8700C0893B /* UploadAndCopy.appex in Embed Foundation Extensions */,
			);
			name = "Embed Foundation Extensions";
			runOnlyForDeploymentPostprocessing = 0;
		};
/* End PBXCopyFilesBuildPhase section */

/* Begin PBXFileReference section */
		4C5E20EC2D603C3B009EE83A /* Django Files.app */ = {isa = PBXFileReference; explicitFileType = wrapper.application; includeInIndex = 0; path = "Django Files.app"; sourceTree = BUILT_PRODUCTS_DIR; };
		4C5E21002D603C3B009EE83A /* Django FilesTests.xctest */ = {isa = PBXFileReference; explicitFileType = wrapper.cfbundle; includeInIndex = 0; path = "Django FilesTests.xctest"; sourceTree = BUILT_PRODUCTS_DIR; };
		4C5E210A2D603C3B009EE83A /* Django FilesUITests.xctest */ = {isa = PBXFileReference; explicitFileType = wrapper.cfbundle; includeInIndex = 0; path = "Django FilesUITests.xctest"; sourceTree = BUILT_PRODUCTS_DIR; };
		4C82CB7F2D624E8700C0893B /* UploadAndCopy.appex */ = {isa = PBXFileReference; explicitFileType = "wrapper.app-extension"; includeInIndex = 0; path = UploadAndCopy.appex; sourceTree = BUILT_PRODUCTS_DIR; };
/* End PBXFileReference section */

/* Begin PBXFileSystemSynchronizedBuildFileExceptionSet section */
		4C5E21122D603C3B009EE83A /* Exceptions for "Django Files" folder in "Django Files" target */ = {
			isa = PBXFileSystemSynchronizedBuildFileExceptionSet;
			membershipExceptions = (
				Info.plist,
			);
			target = 4C5E20EB2D603C3B009EE83A /* Django Files */;
		};
		4C82CB8D2D624E8700C0893B /* Exceptions for "UploadAndCopy" folder in "UploadAndCopy" target */ = {
			isa = PBXFileSystemSynchronizedBuildFileExceptionSet;
			membershipExceptions = (
				Info.plist,
			);
			target = 4C82CB7E2D624E8700C0893B /* UploadAndCopy */;
		};
		4CA2E47D2D6D22CA006EF3F0 /* Exceptions for "Django Files" folder in "UploadAndCopy" target */ = {
			isa = PBXFileSystemSynchronizedBuildFileExceptionSet;
			membershipExceptions = (
				API/DFAPI.swift,
				API/Error.swift,
				API/Short.swift,
				API/Stats.swift,
				API/Upload.swift,
				Models/DjangoFilesSession.swift,
			);
			target = 4C82CB7E2D624E8700C0893B /* UploadAndCopy */;
		};
/* End PBXFileSystemSynchronizedBuildFileExceptionSet section */

/* Begin PBXFileSystemSynchronizedRootGroup section */
		4C5E20EE2D603C3B009EE83A /* Django Files */ = {
			isa = PBXFileSystemSynchronizedRootGroup;
			exceptions = (
				4C5E21122D603C3B009EE83A /* Exceptions for "Django Files" folder in "Django Files" target */,
				4CA2E47D2D6D22CA006EF3F0 /* Exceptions for "Django Files" folder in "UploadAndCopy" target */,
			);
			path = "Django Files";
			sourceTree = "<group>";
		};
		4C5E21032D603C3B009EE83A /* Django FilesTests */ = {
			isa = PBXFileSystemSynchronizedRootGroup;
			path = "Django FilesTests";
			sourceTree = "<group>";
		};
		4C5E210D2D603C3B009EE83A /* Django FilesUITests */ = {
			isa = PBXFileSystemSynchronizedRootGroup;
			path = "Django FilesUITests";
			sourceTree = "<group>";
		};
		4C82CB802D624E8700C0893B /* UploadAndCopy */ = {
			isa = PBXFileSystemSynchronizedRootGroup;
			exceptions = (
				4C82CB8D2D624E8700C0893B /* Exceptions for "UploadAndCopy" folder in "UploadAndCopy" target */,
			);
			path = UploadAndCopy;
			sourceTree = "<group>";
		};
/* End PBXFileSystemSynchronizedRootGroup section */

/* Begin PBXFrameworksBuildPhase section */
		4C5E20E92D603C3B009EE83A /* Frameworks */ = {
			isa = PBXFrameworksBuildPhase;
			buildActionMask = 2147483647;
			files = (
				4C82CB512D62372200C0893B /* HTTPTypes in Frameworks */,
				4C82CB532D62372200C0893B /* HTTPTypesFoundation in Frameworks */,
			);
			runOnlyForDeploymentPostprocessing = 0;
		};
		4C5E20FD2D603C3B009EE83A /* Frameworks */ = {
			isa = PBXFrameworksBuildPhase;
			buildActionMask = 2147483647;
			files = (
			);
			runOnlyForDeploymentPostprocessing = 0;
		};
		4C5E21072D603C3B009EE83A /* Frameworks */ = {
			isa = PBXFrameworksBuildPhase;
			buildActionMask = 2147483647;
			files = (
			);
			runOnlyForDeploymentPostprocessing = 0;
		};
		4C82CB7C2D624E8700C0893B /* Frameworks */ = {
			isa = PBXFrameworksBuildPhase;
			buildActionMask = 2147483647;
			files = (
				4CA2E48A2D6D49D6006EF3F0 /* HTTPTypes in Frameworks */,
				4CA2E48C2D6D49D6006EF3F0 /* HTTPTypesFoundation in Frameworks */,
			);
			runOnlyForDeploymentPostprocessing = 0;
		};
/* End PBXFrameworksBuildPhase section */

/* Begin PBXGroup section */
		4C5E20E32D603C3B009EE83A = {
			isa = PBXGroup;
			children = (
				4C5E20EE2D603C3B009EE83A /* Django Files */,
				4C5E21032D603C3B009EE83A /* Django FilesTests */,
				4C5E210D2D603C3B009EE83A /* Django FilesUITests */,
				4C82CB802D624E8700C0893B /* UploadAndCopy */,
				4CA2E4882D6D49D6006EF3F0 /* Frameworks */,
				4C5E20ED2D603C3B009EE83A /* Products */,
			);
			sourceTree = "<group>";
		};
		4C5E20ED2D603C3B009EE83A /* Products */ = {
			isa = PBXGroup;
			children = (
				4C5E20EC2D603C3B009EE83A /* Django Files.app */,
				4C5E21002D603C3B009EE83A /* Django FilesTests.xctest */,
				4C5E210A2D603C3B009EE83A /* Django FilesUITests.xctest */,
				4C82CB7F2D624E8700C0893B /* UploadAndCopy.appex */,
			);
			name = Products;
			sourceTree = "<group>";
		};
		4CA2E4882D6D49D6006EF3F0 /* Frameworks */ = {
			isa = PBXGroup;
			children = (
			);
			name = Frameworks;
			sourceTree = "<group>";
		};
/* End PBXGroup section */

/* Begin PBXNativeTarget section */
		4C5E20EB2D603C3B009EE83A /* Django Files */ = {
			isa = PBXNativeTarget;
			buildConfigurationList = 4C5E21132D603C3B009EE83A /* Build configuration list for PBXNativeTarget "Django Files" */;
			buildPhases = (
				4C5E20E82D603C3B009EE83A /* Sources */,
				4C5E20E92D603C3B009EE83A /* Frameworks */,
				4C5E20EA2D603C3B009EE83A /* Resources */,
				4C82CB672D624E2A00C0893B /* Embed Foundation Extensions */,
			);
			buildRules = (
			);
			dependencies = (
				4C82CB882D624E8700C0893B /* PBXTargetDependency */,
			);
			fileSystemSynchronizedGroups = (
				4C5E20EE2D603C3B009EE83A /* Django Files */,
			);
			name = "Django Files";
			packageProductDependencies = (
				4C82CB502D62372200C0893B /* HTTPTypes */,
				4C82CB522D62372200C0893B /* HTTPTypesFoundation */,
			);
			productName = "Django Files";
			productReference = 4C5E20EC2D603C3B009EE83A /* Django Files.app */;
			productType = "com.apple.product-type.application";
		};
		4C5E20FF2D603C3B009EE83A /* Django FilesTests */ = {
			isa = PBXNativeTarget;
			buildConfigurationList = 4C5E21182D603C3B009EE83A /* Build configuration list for PBXNativeTarget "Django FilesTests" */;
			buildPhases = (
				4C5E20FC2D603C3B009EE83A /* Sources */,
				4C5E20FD2D603C3B009EE83A /* Frameworks */,
				4C5E20FE2D603C3B009EE83A /* Resources */,
			);
			buildRules = (
			);
			dependencies = (
				4C5E21022D603C3B009EE83A /* PBXTargetDependency */,
			);
			fileSystemSynchronizedGroups = (
				4C5E21032D603C3B009EE83A /* Django FilesTests */,
			);
			name = "Django FilesTests";
			packageProductDependencies = (
			);
			productName = "Django FilesTests";
			productReference = 4C5E21002D603C3B009EE83A /* Django FilesTests.xctest */;
			productType = "com.apple.product-type.bundle.unit-test";
		};
		4C5E21092D603C3B009EE83A /* Django FilesUITests */ = {
			isa = PBXNativeTarget;
			buildConfigurationList = 4C5E211B2D603C3B009EE83A /* Build configuration list for PBXNativeTarget "Django FilesUITests" */;
			buildPhases = (
				4C5E21062D603C3B009EE83A /* Sources */,
				4C5E21072D603C3B009EE83A /* Frameworks */,
				4C5E21082D603C3B009EE83A /* Resources */,
			);
			buildRules = (
			);
			dependencies = (
				4C5E210C2D603C3B009EE83A /* PBXTargetDependency */,
			);
			fileSystemSynchronizedGroups = (
				4C5E210D2D603C3B009EE83A /* Django FilesUITests */,
			);
			name = "Django FilesUITests";
			packageProductDependencies = (
			);
			productName = "Django FilesUITests";
			productReference = 4C5E210A2D603C3B009EE83A /* Django FilesUITests.xctest */;
			productType = "com.apple.product-type.bundle.ui-testing";
		};
		4C82CB7E2D624E8700C0893B /* UploadAndCopy */ = {
			isa = PBXNativeTarget;
			buildConfigurationList = 4C82CB8A2D624E8700C0893B /* Build configuration list for PBXNativeTarget "UploadAndCopy" */;
			buildPhases = (
				4C82CB7B2D624E8700C0893B /* Sources */,
				4C82CB7C2D624E8700C0893B /* Frameworks */,
				4C82CB7D2D624E8700C0893B /* Resources */,
			);
			buildRules = (
			);
			dependencies = (
			);
			fileSystemSynchronizedGroups = (
				4C82CB802D624E8700C0893B /* UploadAndCopy */,
			);
			name = UploadAndCopy;
			packageProductDependencies = (
				4CA2E4892D6D49D6006EF3F0 /* HTTPTypes */,
				4CA2E48B2D6D49D6006EF3F0 /* HTTPTypesFoundation */,
			);
			productName = UploadAndCopy;
			productReference = 4C82CB7F2D624E8700C0893B /* UploadAndCopy.appex */;
			productType = "com.apple.product-type.app-extension";
		};
/* End PBXNativeTarget section */

/* Begin PBXProject section */
		4C5E20E42D603C3B009EE83A /* Project object */ = {
			isa = PBXProject;
			attributes = {
				BuildIndependentTargetsInParallel = 1;
				LastSwiftUpdateCheck = 1620;
				LastUpgradeCheck = 1620;
				TargetAttributes = {
					4C5E20EB2D603C3B009EE83A = {
						CreatedOnToolsVersion = 16.2;
					};
					4C5E20FF2D603C3B009EE83A = {
						CreatedOnToolsVersion = 16.2;
						TestTargetID = 4C5E20EB2D603C3B009EE83A;
					};
					4C5E21092D603C3B009EE83A = {
						CreatedOnToolsVersion = 16.2;
						TestTargetID = 4C5E20EB2D603C3B009EE83A;
					};
					4C82CB7E2D624E8700C0893B = {
						CreatedOnToolsVersion = 16.2;
					};
				};
			};
			buildConfigurationList = 4C5E20E72D603C3B009EE83A /* Build configuration list for PBXProject "Django Files" */;
			developmentRegion = en;
			hasScannedForEncodings = 0;
			knownRegions = (
				en,
				Base,
			);
			mainGroup = 4C5E20E32D603C3B009EE83A;
			minimizedProjectReferenceProxies = 1;
			packageReferences = (
				4C82CB4F2D62372200C0893B /* XCRemoteSwiftPackageReference "swift-http-types" */,
				A2CB164D2D7C9CBC000EEE5D /* XCRemoteSwiftPackageReference "fastlane" */,
			);
			preferredProjectObjectVersion = 77;
			productRefGroup = 4C5E20ED2D603C3B009EE83A /* Products */;
			projectDirPath = "";
			projectRoot = "";
			targets = (
				4C5E20EB2D603C3B009EE83A /* Django Files */,
				4C5E20FF2D603C3B009EE83A /* Django FilesTests */,
				4C5E21092D603C3B009EE83A /* Django FilesUITests */,
				4C82CB7E2D624E8700C0893B /* UploadAndCopy */,
			);
		};
/* End PBXProject section */

/* Begin PBXResourcesBuildPhase section */
		4C5E20EA2D603C3B009EE83A /* Resources */ = {
			isa = PBXResourcesBuildPhase;
			buildActionMask = 2147483647;
			files = (
			);
			runOnlyForDeploymentPostprocessing = 0;
		};
		4C5E20FE2D603C3B009EE83A /* Resources */ = {
			isa = PBXResourcesBuildPhase;
			buildActionMask = 2147483647;
			files = (
			);
			runOnlyForDeploymentPostprocessing = 0;
		};
		4C5E21082D603C3B009EE83A /* Resources */ = {
			isa = PBXResourcesBuildPhase;
			buildActionMask = 2147483647;
			files = (
			);
			runOnlyForDeploymentPostprocessing = 0;
		};
		4C82CB7D2D624E8700C0893B /* Resources */ = {
			isa = PBXResourcesBuildPhase;
			buildActionMask = 2147483647;
			files = (
			);
			runOnlyForDeploymentPostprocessing = 0;
		};
/* End PBXResourcesBuildPhase section */

/* Begin PBXSourcesBuildPhase section */
		4C5E20E82D603C3B009EE83A /* Sources */ = {
			isa = PBXSourcesBuildPhase;
			buildActionMask = 2147483647;
			files = (
			);
			runOnlyForDeploymentPostprocessing = 0;
		};
		4C5E20FC2D603C3B009EE83A /* Sources */ = {
			isa = PBXSourcesBuildPhase;
			buildActionMask = 2147483647;
			files = (
			);
			runOnlyForDeploymentPostprocessing = 0;
		};
		4C5E21062D603C3B009EE83A /* Sources */ = {
			isa = PBXSourcesBuildPhase;
			buildActionMask = 2147483647;
			files = (
			);
			runOnlyForDeploymentPostprocessing = 0;
		};
		4C82CB7B2D624E8700C0893B /* Sources */ = {
			isa = PBXSourcesBuildPhase;
			buildActionMask = 2147483647;
			files = (
			);
			runOnlyForDeploymentPostprocessing = 0;
		};
/* End PBXSourcesBuildPhase section */

/* Begin PBXTargetDependency section */
		4C5E21022D603C3B009EE83A /* PBXTargetDependency */ = {
			isa = PBXTargetDependency;
			target = 4C5E20EB2D603C3B009EE83A /* Django Files */;
			targetProxy = 4C5E21012D603C3B009EE83A /* PBXContainerItemProxy */;
		};
		4C5E210C2D603C3B009EE83A /* PBXTargetDependency */ = {
			isa = PBXTargetDependency;
			target = 4C5E20EB2D603C3B009EE83A /* Django Files */;
			targetProxy = 4C5E210B2D603C3B009EE83A /* PBXContainerItemProxy */;
		};
		4C82CB882D624E8700C0893B /* PBXTargetDependency */ = {
			isa = PBXTargetDependency;
			target = 4C82CB7E2D624E8700C0893B /* UploadAndCopy */;
			targetProxy = 4C82CB872D624E8700C0893B /* PBXContainerItemProxy */;
		};
/* End PBXTargetDependency section */

/* Begin XCBuildConfiguration section */
		4C5E21142D603C3B009EE83A /* Debug */ = {
			isa = XCBuildConfiguration;
			buildSettings = {
				ASSETCATALOG_COMPILER_APPICON_NAME = AppIcon;
				ASSETCATALOG_COMPILER_GLOBAL_ACCENT_COLOR_NAME = AccentColor;
				CODE_SIGN_ENTITLEMENTS = "Django Files/Django_Files.entitlements";
				CODE_SIGN_IDENTITY = "Apple Development";
				"CODE_SIGN_IDENTITY[sdk=iphoneos*]" = "iPhone Distribution";
				CODE_SIGN_STYLE = Manual;
				CURRENT_PROJECT_VERSION = 8;
				DEVELOPMENT_ASSET_PATHS = "\"Django Files/Preview Content\"";
				DEVELOPMENT_TEAM = "";
				"DEVELOPMENT_TEAM[sdk=iphoneos*]" = ZY6BPTGK47;
				ENABLE_PREVIEWS = YES;
				GENERATE_INFOPLIST_FILE = YES;
				INFOPLIST_FILE = "Django Files/Info.plist";
				INFOPLIST_KEY_LSApplicationCategoryType = "public.app-category.utilities";
				INFOPLIST_KEY_NSCameraUsageDescription = "Required to upload directly from camera in app.";
				INFOPLIST_KEY_NSMicrophoneUsageDescription = "Required for recording audio in app.";
				INFOPLIST_KEY_NSPhotoLibraryUsageDescription = "Required for uploading photos in app.";
				INFOPLIST_KEY_UIApplicationSceneManifest_Generation = YES;
				INFOPLIST_KEY_UIApplicationSupportsIndirectInputEvents = YES;
				INFOPLIST_KEY_UISupportedInterfaceOrientations_iPad = "UIInterfaceOrientationPortrait UIInterfaceOrientationPortraitUpsideDown UIInterfaceOrientationLandscapeLeft UIInterfaceOrientationLandscapeRight";
				INFOPLIST_KEY_UISupportedInterfaceOrientations_iPhone = "UIInterfaceOrientationPortrait UIInterfaceOrientationLandscapeLeft UIInterfaceOrientationLandscapeRight";
				LD_RUNPATH_SEARCH_PATHS = (
					"$(inherited)",
					"@executable_path/Frameworks",
				);
				MARKETING_VERSION = 0.1;
				PRODUCT_BUNDLE_IDENTIFIER = com.djangofiles.app;
				PRODUCT_NAME = "$(TARGET_NAME)";
				PROVISIONING_PROFILE_SPECIFIER = "";
				"PROVISIONING_PROFILE_SPECIFIER[sdk=iphoneos*]" = "match AppStore com.djangofiles.app";
				SUPPORTED_PLATFORMS = "iphoneos iphonesimulator";
				SUPPORTS_MACCATALYST = NO;
				SUPPORTS_MAC_DESIGNED_FOR_IPHONE_IPAD = NO;
				SUPPORTS_XR_DESIGNED_FOR_IPHONE_IPAD = NO;
				SWIFT_EMIT_LOC_STRINGS = YES;
				SWIFT_VERSION = 5.0;
				TARGETED_DEVICE_FAMILY = "1,2";
			};
			name = Debug;
		};
		4C5E21152D603C3B009EE83A /* Release */ = {
			isa = XCBuildConfiguration;
			buildSettings = {
				ASSETCATALOG_COMPILER_APPICON_NAME = AppIcon;
				ASSETCATALOG_COMPILER_GLOBAL_ACCENT_COLOR_NAME = AccentColor;
				CODE_SIGN_ENTITLEMENTS = "Django Files/Django_Files.entitlements";
				CODE_SIGN_IDENTITY = "Apple Development";
				"CODE_SIGN_IDENTITY[sdk=iphoneos*]" = "iPhone Distribution";
				CODE_SIGN_STYLE = Manual;
				CURRENT_PROJECT_VERSION = 8;
				DEVELOPMENT_ASSET_PATHS = "\"Django Files/Preview Content\"";
				DEVELOPMENT_TEAM = "";
				"DEVELOPMENT_TEAM[sdk=iphoneos*]" = ZY6BPTGK47;
				ENABLE_PREVIEWS = YES;
				GENERATE_INFOPLIST_FILE = YES;
				INFOPLIST_FILE = "Django Files/Info.plist";
				INFOPLIST_KEY_LSApplicationCategoryType = "public.app-category.utilities";
				INFOPLIST_KEY_NSCameraUsageDescription = "Required to upload directly from camera in app.";
				INFOPLIST_KEY_NSMicrophoneUsageDescription = "Required for recording audio in app.";
				INFOPLIST_KEY_NSPhotoLibraryUsageDescription = "Required for uploading photos in app.";
				INFOPLIST_KEY_UIApplicationSceneManifest_Generation = YES;
				INFOPLIST_KEY_UIApplicationSupportsIndirectInputEvents = YES;
				INFOPLIST_KEY_UISupportedInterfaceOrientations_iPad = "UIInterfaceOrientationPortrait UIInterfaceOrientationPortraitUpsideDown UIInterfaceOrientationLandscapeLeft UIInterfaceOrientationLandscapeRight";
				INFOPLIST_KEY_UISupportedInterfaceOrientations_iPhone = "UIInterfaceOrientationPortrait UIInterfaceOrientationLandscapeLeft UIInterfaceOrientationLandscapeRight";
				LD_RUNPATH_SEARCH_PATHS = (
					"$(inherited)",
					"@executable_path/Frameworks",
				);
				MARKETING_VERSION = 0.1;
				PRODUCT_BUNDLE_IDENTIFIER = com.djangofiles.app;
				PRODUCT_NAME = "$(TARGET_NAME)";
				PROVISIONING_PROFILE_SPECIFIER = "";
				"PROVISIONING_PROFILE_SPECIFIER[sdk=iphoneos*]" = "match AppStore com.djangofiles.app";
				SUPPORTED_PLATFORMS = "iphoneos iphonesimulator";
				SUPPORTS_MACCATALYST = NO;
				SUPPORTS_MAC_DESIGNED_FOR_IPHONE_IPAD = NO;
				SUPPORTS_XR_DESIGNED_FOR_IPHONE_IPAD = NO;
				SWIFT_EMIT_LOC_STRINGS = YES;
				SWIFT_VERSION = 5.0;
				TARGETED_DEVICE_FAMILY = "1,2";
			};
			name = Release;
		};
		4C5E21162D603C3B009EE83A /* Debug */ = {
			isa = XCBuildConfiguration;
			buildSettings = {
				ALWAYS_SEARCH_USER_PATHS = NO;
				ASSETCATALOG_COMPILER_GENERATE_SWIFT_ASSET_SYMBOL_EXTENSIONS = YES;
				CLANG_ANALYZER_NONNULL = YES;
				CLANG_ANALYZER_NUMBER_OBJECT_CONVERSION = YES_AGGRESSIVE;
				CLANG_CXX_LANGUAGE_STANDARD = "gnu++20";
				CLANG_ENABLE_MODULES = YES;
				CLANG_ENABLE_OBJC_ARC = YES;
				CLANG_ENABLE_OBJC_WEAK = YES;
				CLANG_WARN_BLOCK_CAPTURE_AUTORELEASING = YES;
				CLANG_WARN_BOOL_CONVERSION = YES;
				CLANG_WARN_COMMA = YES;
				CLANG_WARN_CONSTANT_CONVERSION = YES;
				CLANG_WARN_DEPRECATED_OBJC_IMPLEMENTATIONS = YES;
				CLANG_WARN_DIRECT_OBJC_ISA_USAGE = YES_ERROR;
				CLANG_WARN_DOCUMENTATION_COMMENTS = YES;
				CLANG_WARN_EMPTY_BODY = YES;
				CLANG_WARN_ENUM_CONVERSION = YES;
				CLANG_WARN_INFINITE_RECURSION = YES;
				CLANG_WARN_INT_CONVERSION = YES;
				CLANG_WARN_NON_LITERAL_NULL_CONVERSION = YES;
				CLANG_WARN_OBJC_IMPLICIT_RETAIN_SELF = YES;
				CLANG_WARN_OBJC_LITERAL_CONVERSION = YES;
				CLANG_WARN_OBJC_ROOT_CLASS = YES_ERROR;
				CLANG_WARN_QUOTED_INCLUDE_IN_FRAMEWORK_HEADER = YES;
				CLANG_WARN_RANGE_LOOP_ANALYSIS = YES;
				CLANG_WARN_STRICT_PROTOTYPES = YES;
				CLANG_WARN_SUSPICIOUS_MOVE = YES;
				CLANG_WARN_UNGUARDED_AVAILABILITY = YES_AGGRESSIVE;
				CLANG_WARN_UNREACHABLE_CODE = YES;
				CLANG_WARN__DUPLICATE_METHOD_MATCH = YES;
				COPY_PHASE_STRIP = NO;
				DEBUG_INFORMATION_FORMAT = dwarf;
				ENABLE_STRICT_OBJC_MSGSEND = YES;
				ENABLE_TESTABILITY = YES;
				ENABLE_USER_SCRIPT_SANDBOXING = YES;
				GCC_C_LANGUAGE_STANDARD = gnu17;
				GCC_DYNAMIC_NO_PIC = NO;
				GCC_NO_COMMON_BLOCKS = YES;
				GCC_OPTIMIZATION_LEVEL = 0;
				GCC_PREPROCESSOR_DEFINITIONS = (
					"DEBUG=1",
					"$(inherited)",
				);
				GCC_WARN_64_TO_32_BIT_CONVERSION = YES;
				GCC_WARN_ABOUT_RETURN_TYPE = YES_ERROR;
				GCC_WARN_UNDECLARED_SELECTOR = YES;
				GCC_WARN_UNINITIALIZED_AUTOS = YES_AGGRESSIVE;
				GCC_WARN_UNUSED_FUNCTION = YES;
				GCC_WARN_UNUSED_VARIABLE = YES;
				IPHONEOS_DEPLOYMENT_TARGET = 18.2;
				LOCALIZATION_PREFERS_STRING_CATALOGS = YES;
				MTL_ENABLE_DEBUG_INFO = INCLUDE_SOURCE;
				MTL_FAST_MATH = YES;
				ONLY_ACTIVE_ARCH = YES;
				SDKROOT = iphoneos;
				SWIFT_ACTIVE_COMPILATION_CONDITIONS = "DEBUG $(inherited)";
				SWIFT_OPTIMIZATION_LEVEL = "-Onone";
			};
			name = Debug;
		};
		4C5E21172D603C3B009EE83A /* Release */ = {
			isa = XCBuildConfiguration;
			buildSettings = {
				ALWAYS_SEARCH_USER_PATHS = NO;
				ASSETCATALOG_COMPILER_GENERATE_SWIFT_ASSET_SYMBOL_EXTENSIONS = YES;
				CLANG_ANALYZER_NONNULL = YES;
				CLANG_ANALYZER_NUMBER_OBJECT_CONVERSION = YES_AGGRESSIVE;
				CLANG_CXX_LANGUAGE_STANDARD = "gnu++20";
				CLANG_ENABLE_MODULES = YES;
				CLANG_ENABLE_OBJC_ARC = YES;
				CLANG_ENABLE_OBJC_WEAK = YES;
				CLANG_WARN_BLOCK_CAPTURE_AUTORELEASING = YES;
				CLANG_WARN_BOOL_CONVERSION = YES;
				CLANG_WARN_COMMA = YES;
				CLANG_WARN_CONSTANT_CONVERSION = YES;
				CLANG_WARN_DEPRECATED_OBJC_IMPLEMENTATIONS = YES;
				CLANG_WARN_DIRECT_OBJC_ISA_USAGE = YES_ERROR;
				CLANG_WARN_DOCUMENTATION_COMMENTS = YES;
				CLANG_WARN_EMPTY_BODY = YES;
				CLANG_WARN_ENUM_CONVERSION = YES;
				CLANG_WARN_INFINITE_RECURSION = YES;
				CLANG_WARN_INT_CONVERSION = YES;
				CLANG_WARN_NON_LITERAL_NULL_CONVERSION = YES;
				CLANG_WARN_OBJC_IMPLICIT_RETAIN_SELF = YES;
				CLANG_WARN_OBJC_LITERAL_CONVERSION = YES;
				CLANG_WARN_OBJC_ROOT_CLASS = YES_ERROR;
				CLANG_WARN_QUOTED_INCLUDE_IN_FRAMEWORK_HEADER = YES;
				CLANG_WARN_RANGE_LOOP_ANALYSIS = YES;
				CLANG_WARN_STRICT_PROTOTYPES = YES;
				CLANG_WARN_SUSPICIOUS_MOVE = YES;
				CLANG_WARN_UNGUARDED_AVAILABILITY = YES_AGGRESSIVE;
				CLANG_WARN_UNREACHABLE_CODE = YES;
				CLANG_WARN__DUPLICATE_METHOD_MATCH = YES;
				COPY_PHASE_STRIP = NO;
				DEBUG_INFORMATION_FORMAT = "dwarf-with-dsym";
				ENABLE_NS_ASSERTIONS = NO;
				ENABLE_STRICT_OBJC_MSGSEND = YES;
				ENABLE_USER_SCRIPT_SANDBOXING = YES;
				GCC_C_LANGUAGE_STANDARD = gnu17;
				GCC_NO_COMMON_BLOCKS = YES;
				GCC_WARN_64_TO_32_BIT_CONVERSION = YES;
				GCC_WARN_ABOUT_RETURN_TYPE = YES_ERROR;
				GCC_WARN_UNDECLARED_SELECTOR = YES;
				GCC_WARN_UNINITIALIZED_AUTOS = YES_AGGRESSIVE;
				GCC_WARN_UNUSED_FUNCTION = YES;
				GCC_WARN_UNUSED_VARIABLE = YES;
				IPHONEOS_DEPLOYMENT_TARGET = 18.2;
				LOCALIZATION_PREFERS_STRING_CATALOGS = YES;
				MTL_ENABLE_DEBUG_INFO = NO;
				MTL_FAST_MATH = YES;
				SDKROOT = iphoneos;
				SWIFT_COMPILATION_MODE = wholemodule;
				VALIDATE_PRODUCT = YES;
			};
			name = Release;
		};
		4C5E21192D603C3B009EE83A /* Debug */ = {
			isa = XCBuildConfiguration;
			buildSettings = {
				BUNDLE_LOADER = "$(TEST_HOST)";
				CODE_SIGN_STYLE = Automatic;
				CURRENT_PROJECT_VERSION = 1;
				DEVELOPMENT_TEAM = ZY6BPTGK47;
				GENERATE_INFOPLIST_FILE = YES;
				IPHONEOS_DEPLOYMENT_TARGET = 18.2;
				MARKETING_VERSION = 1.0;
				PRODUCT_BUNDLE_IDENTIFIER = blastsoftstudios.djangofilesTests;
				PRODUCT_NAME = "$(TARGET_NAME)";
				SWIFT_EMIT_LOC_STRINGS = NO;
				SWIFT_VERSION = 5.0;
				TARGETED_DEVICE_FAMILY = "1,2";
				TEST_HOST = "$(BUILT_PRODUCTS_DIR)/Django Files.app/$(BUNDLE_EXECUTABLE_FOLDER_PATH)/Django Files";
			};
			name = Debug;
		};
		4C5E211A2D603C3B009EE83A /* Release */ = {
			isa = XCBuildConfiguration;
			buildSettings = {
				BUNDLE_LOADER = "$(TEST_HOST)";
				CODE_SIGN_STYLE = Automatic;
				CURRENT_PROJECT_VERSION = 1;
				DEVELOPMENT_TEAM = ZY6BPTGK47;
				GENERATE_INFOPLIST_FILE = YES;
				IPHONEOS_DEPLOYMENT_TARGET = 18.2;
				MARKETING_VERSION = 1.0;
				PRODUCT_BUNDLE_IDENTIFIER = blastsoftstudios.djangofilesTests;
				PRODUCT_NAME = "$(TARGET_NAME)";
				SWIFT_EMIT_LOC_STRINGS = NO;
				SWIFT_VERSION = 5.0;
				TARGETED_DEVICE_FAMILY = "1,2";
				TEST_HOST = "$(BUILT_PRODUCTS_DIR)/Django Files.app/$(BUNDLE_EXECUTABLE_FOLDER_PATH)/Django Files";
			};
			name = Release;
		};
		4C5E211C2D603C3B009EE83A /* Debug */ = {
			isa = XCBuildConfiguration;
			buildSettings = {
				CODE_SIGN_STYLE = Automatic;
				CURRENT_PROJECT_VERSION = 1;
				DEVELOPMENT_TEAM = ZY6BPTGK47;
				GENERATE_INFOPLIST_FILE = YES;
				MARKETING_VERSION = 1.0;
				PRODUCT_BUNDLE_IDENTIFIER = blastsoftstudios.djangofilesUITests;
				PRODUCT_NAME = "$(TARGET_NAME)";
				SWIFT_EMIT_LOC_STRINGS = NO;
				SWIFT_VERSION = 5.0;
				TARGETED_DEVICE_FAMILY = "1,2";
				TEST_TARGET_NAME = "Django Files";
			};
			name = Debug;
		};
		4C5E211D2D603C3B009EE83A /* Release */ = {
			isa = XCBuildConfiguration;
			buildSettings = {
				CODE_SIGN_STYLE = Automatic;
				CURRENT_PROJECT_VERSION = 1;
				DEVELOPMENT_TEAM = ZY6BPTGK47;
				GENERATE_INFOPLIST_FILE = YES;
				MARKETING_VERSION = 1.0;
				PRODUCT_BUNDLE_IDENTIFIER = blastsoftstudios.djangofilesUITests;
				PRODUCT_NAME = "$(TARGET_NAME)";
				SWIFT_EMIT_LOC_STRINGS = NO;
				SWIFT_VERSION = 5.0;
				TARGETED_DEVICE_FAMILY = "1,2";
				TEST_TARGET_NAME = "Django Files";
			};
			name = Release;
		};
		4C82CB8B2D624E8700C0893B /* Debug */ = {
			isa = XCBuildConfiguration;
			buildSettings = {
				CODE_SIGN_ENTITLEMENTS = UploadAndCopy/UploadAndCopy.entitlements;
				CODE_SIGN_IDENTITY = "Apple Development";
				"CODE_SIGN_IDENTITY[sdk=iphoneos*]" = "iPhone Distribution";
				CODE_SIGN_STYLE = Manual;
				CURRENT_PROJECT_VERSION = 8;
				DEVELOPMENT_TEAM = "";
				"DEVELOPMENT_TEAM[sdk=iphoneos*]" = ZY6BPTGK47;
				GENERATE_INFOPLIST_FILE = YES;
				INFOPLIST_FILE = UploadAndCopy/Info.plist;
				INFOPLIST_KEY_CFBundleDisplayName = "Upload and Copy";
				INFOPLIST_KEY_NSHumanReadableCopyright = "";
				LD_RUNPATH_SEARCH_PATHS = (
					"$(inherited)",
					"@executable_path/Frameworks",
					"@executable_path/../../Frameworks",
				);
				MARKETING_VERSION = 0.1;
				PRODUCT_BUNDLE_IDENTIFIER = com.djangofiles.app.UploadAndCopy;
				PRODUCT_NAME = "$(TARGET_NAME)";
				PROVISIONING_PROFILE_SPECIFIER = "";
				"PROVISIONING_PROFILE_SPECIFIER[sdk=iphoneos*]" = "match AppStore com.djangofiles.app.UploadAndCopy";
				SKIP_INSTALL = YES;
				SUPPORTED_PLATFORMS = "iphoneos iphonesimulator";
				SUPPORTS_MACCATALYST = NO;
				SUPPORTS_MAC_DESIGNED_FOR_IPHONE_IPAD = NO;
				SUPPORTS_XR_DESIGNED_FOR_IPHONE_IPAD = NO;
				SWIFT_EMIT_LOC_STRINGS = YES;
				SWIFT_VERSION = 5.0;
				TARGETED_DEVICE_FAMILY = "1,2";
			};
			name = Debug;
		};
		4C82CB8C2D624E8700C0893B /* Release */ = {
			isa = XCBuildConfiguration;
			buildSettings = {
				CODE_SIGN_ENTITLEMENTS = UploadAndCopy/UploadAndCopy.entitlements;
				CODE_SIGN_IDENTITY = "Apple Development";
				"CODE_SIGN_IDENTITY[sdk=iphoneos*]" = "iPhone Distribution";
				CODE_SIGN_STYLE = Manual;
				CURRENT_PROJECT_VERSION = 8;
				DEVELOPMENT_TEAM = "";
				"DEVELOPMENT_TEAM[sdk=iphoneos*]" = ZY6BPTGK47;
				GENERATE_INFOPLIST_FILE = YES;
				INFOPLIST_FILE = UploadAndCopy/Info.plist;
				INFOPLIST_KEY_CFBundleDisplayName = "Upload and Copy";
				INFOPLIST_KEY_NSHumanReadableCopyright = "";
				LD_RUNPATH_SEARCH_PATHS = (
					"$(inherited)",
					"@executable_path/Frameworks",
					"@executable_path/../../Frameworks",
				);
				MARKETING_VERSION = 0.1;
				PRODUCT_BUNDLE_IDENTIFIER = com.djangofiles.app.UploadAndCopy;
				PRODUCT_NAME = "$(TARGET_NAME)";
				PROVISIONING_PROFILE_SPECIFIER = "";
				"PROVISIONING_PROFILE_SPECIFIER[sdk=iphoneos*]" = "match AppStore com.djangofiles.app.UploadAndCopy";
				SKIP_INSTALL = YES;
				SUPPORTED_PLATFORMS = "iphoneos iphonesimulator";
				SUPPORTS_MACCATALYST = NO;
				SUPPORTS_MAC_DESIGNED_FOR_IPHONE_IPAD = NO;
				SUPPORTS_XR_DESIGNED_FOR_IPHONE_IPAD = NO;
				SWIFT_EMIT_LOC_STRINGS = YES;
				SWIFT_VERSION = 5.0;
				TARGETED_DEVICE_FAMILY = "1,2";
			};
			name = Release;
		};
/* End XCBuildConfiguration section */

/* Begin XCConfigurationList section */
		4C5E20E72D603C3B009EE83A /* Build configuration list for PBXProject "Django Files" */ = {
			isa = XCConfigurationList;
			buildConfigurations = (
				4C5E21162D603C3B009EE83A /* Debug */,
				4C5E21172D603C3B009EE83A /* Release */,
			);
			defaultConfigurationIsVisible = 0;
			defaultConfigurationName = Release;
		};
		4C5E21132D603C3B009EE83A /* Build configuration list for PBXNativeTarget "Django Files" */ = {
			isa = XCConfigurationList;
			buildConfigurations = (
				4C5E21142D603C3B009EE83A /* Debug */,
				4C5E21152D603C3B009EE83A /* Release */,
			);
			defaultConfigurationIsVisible = 0;
			defaultConfigurationName = Release;
		};
		4C5E21182D603C3B009EE83A /* Build configuration list for PBXNativeTarget "Django FilesTests" */ = {
			isa = XCConfigurationList;
			buildConfigurations = (
				4C5E21192D603C3B009EE83A /* Debug */,
				4C5E211A2D603C3B009EE83A /* Release */,
			);
			defaultConfigurationIsVisible = 0;
			defaultConfigurationName = Release;
		};
		4C5E211B2D603C3B009EE83A /* Build configuration list for PBXNativeTarget "Django FilesUITests" */ = {
			isa = XCConfigurationList;
			buildConfigurations = (
				4C5E211C2D603C3B009EE83A /* Debug */,
				4C5E211D2D603C3B009EE83A /* Release */,
			);
			defaultConfigurationIsVisible = 0;
			defaultConfigurationName = Release;
		};
		4C82CB8A2D624E8700C0893B /* Build configuration list for PBXNativeTarget "UploadAndCopy" */ = {
			isa = XCConfigurationList;
			buildConfigurations = (
				4C82CB8B2D624E8700C0893B /* Debug */,
				4C82CB8C2D624E8700C0893B /* Release */,
			);
			defaultConfigurationIsVisible = 0;
			defaultConfigurationName = Release;
		};
/* End XCConfigurationList section */

/* Begin XCRemoteSwiftPackageReference section */
		4C82CB4F2D62372200C0893B /* XCRemoteSwiftPackageReference "swift-http-types" */ = {
			isa = XCRemoteSwiftPackageReference;
			repositoryURL = "https://github.com/apple/swift-http-types.git";
			requirement = {
				kind = upToNextMajorVersion;
				minimumVersion = 1.3.1;
			};
		};
		A2CB164D2D7C9CBC000EEE5D /* XCRemoteSwiftPackageReference "fastlane" */ = {
			isa = XCRemoteSwiftPackageReference;
			repositoryURL = "https://github.com/fastlane/fastlane";
			requirement = {
				kind = upToNextMajorVersion;
				minimumVersion = 2.226.0;
			};
		};
/* End XCRemoteSwiftPackageReference section */

/* Begin XCSwiftPackageProductDependency section */
		4C82CB502D62372200C0893B /* HTTPTypes */ = {
			isa = XCSwiftPackageProductDependency;
			package = 4C82CB4F2D62372200C0893B /* XCRemoteSwiftPackageReference "swift-http-types" */;
			productName = HTTPTypes;
		};
		4C82CB522D62372200C0893B /* HTTPTypesFoundation */ = {
			isa = XCSwiftPackageProductDependency;
			package = 4C82CB4F2D62372200C0893B /* XCRemoteSwiftPackageReference "swift-http-types" */;
			productName = HTTPTypesFoundation;
		};
		4CA2E4892D6D49D6006EF3F0 /* HTTPTypes */ = {
			isa = XCSwiftPackageProductDependency;
			package = 4C82CB4F2D62372200C0893B /* XCRemoteSwiftPackageReference "swift-http-types" */;
			productName = HTTPTypes;
		};
		4CA2E48B2D6D49D6006EF3F0 /* HTTPTypesFoundation */ = {
			isa = XCSwiftPackageProductDependency;
			package = 4C82CB4F2D62372200C0893B /* XCRemoteSwiftPackageReference "swift-http-types" */;
			productName = HTTPTypesFoundation;
		};
/* End XCSwiftPackageProductDependency section */
	};
	rootObject = 4C5E20E42D603C3B009EE83A /* Project object */;
}
